
Microsoft Visual Studio Solution File, Format Version 12.00
# Visual Studio Version 16
VisualStudioVersion = 16.0.30309.148
MinimumVisualStudioVersion = 10.0.40219.1
Project("{FAE04EC0-301F-11D3-BF4B-00C04F79EFBC}") = "ASP.NET-Core", "ASP.NET-Core\ASP.NET-Core.csproj", "{9DCE61BB-9AA9-41EE-9D8D-F69CCEED3A28}"
EndProject
Global
	GlobalSection(SolutionConfigurationPlatforms) = preSolution
		Debug|Any CPU = Debug|Any CPU
		Release|Any CPU = Release|Any CPU
	EndGlobalSection
	GlobalSection(ProjectConfigurationPlatforms) = postSolution
		{9DCE61BB-9AA9-41EE-9D8D-F69CCEED3A28}.Debug|Any CPU.ActiveCfg = Debug|Any CPU
		{9DCE61BB-9AA9-41EE-9D8D-F69CCEED3A28}.Debug|Any CPU.Build.0 = Debug|Any CPU
		{9DCE61BB-9AA9-41EE-9D8D-F69CCEED3A28}.Release|Any CPU.ActiveCfg = Release|Any CPU
		{9DCE61BB-9AA9-41EE-9D8D-F69CCEED3A28}.Release|Any CPU.Build.0 = Release|Any CPU
	EndGlobalSection
	GlobalSection(SolutionProperties) = preSolution
		HideSolutionNode = FALSE
	EndGlobalSection
	GlobalSection(ExtensibilityGlobals) = postSolution
		SolutionGuid = {DF47E1DD-DAF0-4BC5-8C81-428B6962D1A6}
	EndGlobalSection
EndGlobal
